# This file was autogenerated by Stack.
# You should not edit this file by hand.
# For more information, please see the documentation at:
#   https://docs.haskellstack.org/en/stable/lock_files

packages:
- completed:
    cabal-file:
      size: 2026
      sha256: 6afc0d7cabe7848f38de15cfdeef61dd6fd217bb6d3b191793cb32992023a93c
    name: quickcheck-arbitrary-template
    version: 0.2.0.0
    git: https://github.com/bitemyapp/quickcheck-arbitrary-template.git
    pantry-tree:
      size: 859
      sha256: a6c70780465af154ada9481c0a5ffcda1b069d249522634c578218c3c390cbf1
    commit: bf9cee96a88ecce2ff920ce74c166a38712e5ed2
  original:
    git: https://github.com/bitemyapp/quickcheck-arbitrary-template.git
    commit: bf9cee96a88ecce2ff920ce74c166a38712e5ed2
- completed:
    hackage: quickcheck-properties-0.1@sha256:3bd0890e84ec4cf1c1e6e475152c2c0d7c85915a051cf4e8bf9ec70c32df735c,1268
    pantry-tree:
      size: 550
      sha256: 12264d8a89883b42e78c313792f8cba9af51c8fda915fce34e9780ff6972cf7e
  original:
    hackage: quickcheck-properties-0.1
- completed:
    hackage: deriving-aeson-0.2.5@sha256:a1efa4ab7ff94f73e6d2733a9d4414cb4c3526761295722cff28027b5b3da1a4,1277
    pantry-tree:
      size: 441
      sha256: 8fa77245ed0f169fae3a337bf4b9114c44e6bd0cd02ce748998f46c19ef32277
  original:
    hackage: deriving-aeson-0.2.5@sha256:a1efa4ab7ff94f73e6d2733a9d4414cb4c3526761295722cff28027b5b3da1a4,1277
- completed:
    hackage: aeson-1.4.7.1@sha256:6d8d2fd959b7122a1df9389cf4eca30420a053d67289f92cdc0dbc0dab3530ba,7098
    pantry-tree:
      size: 40133
      sha256: caa9306e519c601ab0170d113daa03c1163db53e5466be2968bbd61a771bebcb
  original:
    hackage: aeson-1.4.7.1@sha256:6d8d2fd959b7122a1df9389cf4eca30420a053d67289f92cdc0dbc0dab3530ba,7098
- completed:
    hackage: time-compat-1.9.3@sha256:a1a0a8b088be6a7be50c7c0bf156ce876151b1cbe14261736965e361c8073b2a,4349
    pantry-tree:
      size: 3654
      sha256: 9bce314b9a677472b9cc051a6ed09f4a1555180a5e2702ad67d64d74c9b5ceed
  original:
    hackage: time-compat-1.9.3@sha256:a1a0a8b088be6a7be50c7c0bf156ce876151b1cbe14261736965e361c8073b2a,4349
snapshots:
- completed:
    size: 500539
    url: https://raw.githubusercontent.com/commercialhaskell/stackage-snapshots/master/lts/13/30.yaml
    sha256: 59ad6b944c9903847fecdc1d4815e8500c1f9999d80fd1b4d2d66e408faec44b
  original: lts-13.30
